
Microsoft Visual Studio Solution File, Format Version 12.00
# Visual Studio Version 16
VisualStudioVersion = 16.0.28729.10
MinimumVisualStudioVersion = 10.0.40219.1
Project("{FAE04EC0-301F-11D3-BF4B-00C04F79EFBC}") = "XamarinUniverse.Mobile.Android", "XamarinUniverse.Mobile\XamarinUniverse.Mobile.Android\XamarinUniverse.Mobile.Android.csproj", "{60E8E879-E8F3-4519-BD41-D6E59621C323}"
EndProject
Project("{FAE04EC0-301F-11D3-BF4B-00C04F79EFBC}") = "XamarinUniverse.Mobile.iOS", "XamarinUniverse.Mobile\XamarinUniverse.Mobile.iOS\XamarinUniverse.Mobile.iOS.csproj", "{423AEC16-7CEC-409F-A381-24FBC3544942}"
EndProject
Project("{FAE04EC0-301F-11D3-BF4B-00C04F79EFBC}") = "XamarinUniverse.Mobile", "XamarinUniverse.Mobile\XamarinUniverse.Mobile\XamarinUniverse.Mobile.csproj", "{32D2CEA0-12CC-4D20-90FF-E67EFEF969C0}"
EndProject
Global
	GlobalSection(SolutionConfigurationPlatforms) = preSolution
		Debug|Any CPU = Debug|Any CPU
		Debug|iPhone = Debug|iPhone
		Debug|iPhoneSimulator = Debug|iPhoneSimulator
		Release|Any CPU = Release|Any CPU
		Release|iPhone = Release|iPhone
		Release|iPhoneSimulator = Release|iPhoneSimulator
	EndGlobalSection
	GlobalSection(ProjectConfigurationPlatforms) = postSolution
		{60E8E879-E8F3-4519-BD41-D6E59621C323}.Debug|Any CPU.ActiveCfg = Debug|Any CPU
		{60E8E879-E8F3-4519-BD41-D6E59621C323}.Debug|Any CPU.Build.0 = Debug|Any CPU
		{60E8E879-E8F3-4519-BD41-D6E59621C323}.Debug|Any CPU.Deploy.0 = Debug|Any CPU
		{60E8E879-E8F3-4519-BD41-D6E59621C323}.Debug|iPhone.ActiveCfg = Debug|Any CPU
		{60E8E879-E8F3-4519-BD41-D6E59621C323}.Debug|iPhone.Build.0 = Debug|Any CPU
		{60E8E879-E8F3-4519-BD41-D6E59621C323}.Debug|iPhone.Deploy.0 = Debug|Any CPU
		{60E8E879-E8F3-4519-BD41-D6E59621C323}.Debug|iPhoneSimulator.ActiveCfg = Debug|Any CPU
		{60E8E879-E8F3-4519-BD41-D6E59621C323}.Debug|iPhoneSimulator.Build.0 = Debug|Any CPU
		{60E8E879-E8F3-4519-BD41-D6E59621C323}.Debug|iPhoneSimulator.Deploy.0 = Debug|Any CPU
		{60E8E879-E8F3-4519-BD41-D6E59621C323}.Release|Any CPU.ActiveCfg = Release|Any CPU
		{60E8E879-E8F3-4519-BD41-D6E59621C323}.Release|Any CPU.Build.0 = Release|Any CPU
		{60E8E879-E8F3-4519-BD41-D6E59621C323}.Release|Any CPU.Deploy.0 = Release|Any CPU
		{60E8E879-E8F3-4519-BD41-D6E59621C323}.Release|iPhone.ActiveCfg = Release|Any CPU
		{60E8E879-E8F3-4519-BD41-D6E59621C323}.Release|iPhone.Build.0 = Release|Any CPU
		{60E8E879-E8F3-4519-BD41-D6E59621C323}.Release|iPhone.Deploy.0 = Release|Any CPU
		{60E8E879-E8F3-4519-BD41-D6E59621C323}.Release|iPhoneSimulator.ActiveCfg = Release|Any CPU
		{60E8E879-E8F3-4519-BD41-D6E59621C323}.Release|iPhoneSimulator.Build.0 = Release|Any CPU
		{60E8E879-E8F3-4519-BD41-D6E59621C323}.Release|iPhoneSimulator.Deploy.0 = Release|Any CPU
		{423AEC16-7CEC-409F-A381-24FBC3544942}.Debug|Any CPU.ActiveCfg = Debug|iPhoneSimulator
		{423AEC16-7CEC-409F-A381-24FBC3544942}.Debug|Any CPU.Build.0 = Debug|iPhoneSimulator
		{423AEC16-7CEC-409F-A381-24FBC3544942}.Debug|Any CPU.Deploy.0 = Debug|iPhoneSimulator
		{423AEC16-7CEC-409F-A381-24FBC3544942}.Debug|iPhone.ActiveCfg = Debug|iPhone
		{423AEC16-7CEC-409F-A381-24FBC3544942}.Debug|iPhone.Build.0 = Debug|iPhone
		{423AEC16-7CEC-409F-A381-24FBC3544942}.Debug|iPhone.Deploy.0 = Debug|iPhone
		{423AEC16-7CEC-409F-A381-24FBC3544942}.Debug|iPhoneSimulator.ActiveCfg = Debug|iPhoneSimulator
		{423AEC16-7CEC-409F-A381-24FBC3544942}.Debug|iPhoneSimulator.Build.0 = Debug|iPhoneSimulator
		{423AEC16-7CEC-409F-A381-24FBC3544942}.Debug|iPhoneSimulator.Deploy.0 = Debug|iPhoneSimulator
		{423AEC16-7CEC-409F-A381-24FBC3544942}.Release|Any CPU.ActiveCfg = Release|iPhone
		{423AEC16-7CEC-409F-A381-24FBC3544942}.Release|Any CPU.Build.0 = Release|iPhone
		{423AEC16-7CEC-409F-A381-24FBC3544942}.Release|Any CPU.Deploy.0 = Release|iPhone
		{423AEC16-7CEC-409F-A381-24FBC3544942}.Release|iPhone.ActiveCfg = Release|iPhone
		{423AEC16-7CEC-409F-A381-24FBC3544942}.Release|iPhone.Build.0 = Release|iPhone
		{423AEC16-7CEC-409F-A381-24FBC3544942}.Release|iPhone.Deploy.0 = Release|iPhone
		{423AEC16-7CEC-409F-A381-24FBC3544942}.Release|iPhoneSimulator.ActiveCfg = Release|iPhoneSimulator
		{423AEC16-7CEC-409F-A381-24FBC3544942}.Release|iPhoneSimulator.Build.0 = Release|iPhoneSimulator
		{423AEC16-7CEC-409F-A381-24FBC3544942}.Release|iPhoneSimulator.Deploy.0 = Release|iPhoneSimulator
		{32D2CEA0-12CC-4D20-90FF-E67EFEF969C0}.Debug|Any CPU.ActiveCfg = Debug|Any CPU
		{32D2CEA0-12CC-4D20-90FF-E67EFEF969C0}.Debug|Any CPU.Build.0 = Debug|Any CPU
		{32D2CEA0-12CC-4D20-90FF-E67EFEF969C0}.Debug|Any CPU.Deploy.0 = Debug|Any CPU
		{32D2CEA0-12CC-4D20-90FF-E67EFEF969C0}.Debug|iPhone.ActiveCfg = Debug|Any CPU
		{32D2CEA0-12CC-4D20-90FF-E67EFEF969C0}.Debug|iPhone.Build.0 = Debug|Any CPU
		{32D2CEA0-12CC-4D20-90FF-E67EFEF969C0}.Debug|iPhone.Deploy.0 = Debug|Any CPU
		{32D2CEA0-12CC-4D20-90FF-E67EFEF969C0}.Debug|iPhoneSimulator.ActiveCfg = Debug|Any CPU
		{32D2CEA0-12CC-4D20-90FF-E67EFEF969C0}.Debug|iPhoneSimulator.Build.0 = Debug|Any CPU
		{32D2CEA0-12CC-4D20-90FF-E67EFEF969C0}.Debug|iPhoneSimulator.Deploy.0 = Debug|Any CPU
		{32D2CEA0-12CC-4D20-90FF-E67EFEF969C0}.Release|Any CPU.ActiveCfg = Release|Any CPU
		{32D2CEA0-12CC-4D20-90FF-E67EFEF969C0}.Release|Any CPU.Build.0 = Release|Any CPU
		{32D2CEA0-12CC-4D20-90FF-E67EFEF969C0}.Release|Any CPU.Deploy.0 = Release|Any CPU
		{32D2CEA0-12CC-4D20-90FF-E67EFEF969C0}.Release|iPhone.ActiveCfg = Release|Any CPU
		{32D2CEA0-12CC-4D20-90FF-E67EFEF969C0}.Release|iPhone.Build.0 = Release|Any CPU
		{32D2CEA0-12CC-4D20-90FF-E67EFEF969C0}.Release|iPhone.Deploy.0 = Release|Any CPU
		{32D2CEA0-12CC-4D20-90FF-E67EFEF969C0}.Release|iPhoneSimulator.ActiveCfg = Release|Any CPU
		{32D2CEA0-12CC-4D20-90FF-E67EFEF969C0}.Release|iPhoneSimulator.Build.0 = Release|Any CPU
		{32D2CEA0-12CC-4D20-90FF-E67EFEF969C0}.Release|iPhoneSimulator.Deploy.0 = Release|Any CPU
	EndGlobalSection
	GlobalSection(SolutionProperties) = preSolution
		HideSolutionNode = FALSE
	EndGlobalSection
	GlobalSection(ExtensibilityGlobals) = postSolution
		SolutionGuid = {D8794717-E96C-491D-B8D1-14956BCC65A1}
	EndGlobalSection
EndGlobal
